{
  "version": 4,
  "terraform_version": "1.12.2",
  "serial": 118,
  "lineage": "4520eb7a-70d7-e895-8b8f-a6eac80878ab",
  "outputs": {
    "project_id": {
      "value": "bootstrap-seed-project",
      "type": "string"
    },
    "state_writer": {
      "value": "user:gc@roban.de",
      "type": "string"
    },
    "terraform_sa_email": {
      "value": "terraform@bootstrap-seed-project.iam.gserviceaccount.com",
      "type": "string"
    },
    "tfstate_bucket": {
      "value": "bootstrap-org-tfstate",
      "type": "string"
    }
  },
  "resources": [
    {
      "mode": "managed",
      "type": "google_billing_account_iam_member",
      "name": "bootstrap_billing_user",
      "provider": "provider[\"registry.terraform.io/hashicorp/google\"]",
      "instances": [
        {
          "schema_version": 0,
          "attributes": {
            "billing_account_id": "014EA1-22311E-5A7ED1",
            "condition": [],
            "etag": "BwY7Y8JA794=",
            "id": "014EA1-22311E-5A7ED1/roles/billing.admin/serviceAccount:terraform@bootstrap-seed-project.iam.gserviceaccount.com",
            "member": "serviceAccount:terraform@bootstrap-seed-project.iam.gserviceaccount.com",
            "role": "roles/billing.admin"
          },
          "sensitive_attributes": [],
          "identity_schema_version": 0,
          "private": "bnVsbA=="
        }
      ]
    },
    {
      "mode": "managed",
      "type": "google_organization_iam_member",
      "name": "bootstrap_api_admin",
      "provider": "provider[\"registry.terraform.io/hashicorp/google\"]",
      "instances": [
        {
          "schema_version": 0,
          "attributes": {
            "condition": [],
            "etag": "BwY7F54lGBQ=",
            "id": "131886726058/roles/serviceusage.serviceUsageAdmin/serviceAccount:terraform@bootstrap-seed-project.iam.gserviceaccount.com",
            "member": "serviceAccount:terraform@bootstrap-seed-project.iam.gserviceaccount.com",
            "org_id": "131886726058",
            "role": "roles/serviceusage.serviceUsageAdmin"
          },
          "sensitive_attributes": [],
          "identity_schema_version": 0,
          "private": "bnVsbA=="
        }
      ]
    },
    {
      "mode": "managed",
      "type": "google_organization_iam_member",
      "name": "bootstrap_project_creator",
      "provider": "provider[\"registry.terraform.io/hashicorp/google\"]",
      "instances": [
        {
          "schema_version": 0,
          "attributes": {
            "condition": [],
            "etag": "BwY7F54lGBQ=",
            "id": "131886726058/roles/resourcemanager.projectCreator/serviceAccount:terraform@bootstrap-seed-project.iam.gserviceaccount.com",
            "member": "serviceAccount:terraform@bootstrap-seed-project.iam.gserviceaccount.com",
            "org_id": "131886726058",
            "role": "roles/resourcemanager.projectCreator"
          },
          "sensitive_attributes": [],
          "identity_schema_version": 0,
          "private": "bnVsbA=="
        }
      ]
    },
    {
      "mode": "managed",
      "type": "google_organization_iam_member",
      "name": "bootstrap_project_iam_admin",
      "provider": "provider[\"registry.terraform.io/hashicorp/google\"]",
      "instances": [
        {
          "schema_version": 0,
          "attributes": {
            "condition": [],
            "etag": "BwY7F54lGBQ=",
            "id": "131886726058/roles/resourcemanager.projectIamAdmin/serviceAccount:terraform@bootstrap-seed-project.iam.gserviceaccount.com",
            "member": "serviceAccount:terraform@bootstrap-seed-project.iam.gserviceaccount.com",
            "org_id": "131886726058",
            "role": "roles/resourcemanager.projectIamAdmin"
          },
          "sensitive_attributes": [],
          "identity_schema_version": 0,
          "private": "bnVsbA=="
        }
      ]
    },
    {
      "mode": "managed",
      "type": "google_organization_iam_member",
      "name": "bootstrap_sa_admin",
      "provider": "provider[\"registry.terraform.io/hashicorp/google\"]",
      "instances": [
        {
          "schema_version": 0,
          "attributes": {
            "condition": [],
            "etag": "BwY7F54lGBQ=",
            "id": "131886726058/roles/iam.serviceAccountAdmin/serviceAccount:terraform@bootstrap-seed-project.iam.gserviceaccount.com",
            "member": "serviceAccount:terraform@bootstrap-seed-project.iam.gserviceaccount.com",
            "org_id": "131886726058",
            "role": "roles/iam.serviceAccountAdmin"
          },
          "sensitive_attributes": [],
          "identity_schema_version": 0,
          "private": "bnVsbA=="
        }
      ]
    },
    {
      "mode": "managed",
      "type": "google_organization_iam_member",
      "name": "bootstrap_sa_token_creator",
      "provider": "provider[\"registry.terraform.io/hashicorp/google\"]",
      "instances": [
        {
          "schema_version": 0,
          "attributes": {
            "condition": [],
            "etag": "BwY7F54lGBQ=",
            "id": "131886726058/roles/iam.serviceAccountTokenCreator/serviceAccount:terraform@bootstrap-seed-project.iam.gserviceaccount.com",
            "member": "serviceAccount:terraform@bootstrap-seed-project.iam.gserviceaccount.com",
            "org_id": "131886726058",
            "role": "roles/iam.serviceAccountTokenCreator"
          },
          "sensitive_attributes": [],
          "identity_schema_version": 0,
          "private": "bnVsbA=="
        }
      ]
    },
    {
      "mode": "managed",
      "type": "google_project",
      "name": "seed",
      "provider": "provider[\"registry.terraform.io/hashicorp/google\"]",
      "instances": [
        {
          "schema_version": 1,
          "attributes": {
            "auto_create_network": true,
            "billing_account": "014EA1-22311E-5A7ED1",
            "deletion_policy": "PREVENT",
            "effective_labels": {
              "goog-terraform-provisioned": "true"
            },
            "folder_id": "",
            "id": "projects/bootstrap-seed-project",
            "labels": {},
            "name": "Bootstrap Seed Project",
            "number": "946706098484",
            "org_id": "131886726058",
            "project_id": "bootstrap-seed-project",
            "tags": null,
            "terraform_labels": {
              "goog-terraform-provisioned": "true"
            },
            "timeouts": null
          },
          "sensitive_attributes": [],
          "identity_schema_version": 0,
          "private": "eyJlMmJmYjczMC1lY2FhLTExZTYtOGY4OC0zNDM2M2JjN2M0YzAiOnsiY3JlYXRlIjo2MDAwMDAwMDAwMDAsImRlbGV0ZSI6NjAwMDAwMDAwMDAwLCJyZWFkIjo2MDAwMDAwMDAwMDAsInVwZGF0ZSI6NjAwMDAwMDAwMDAwfSwic2NoZW1hX3ZlcnNpb24iOiIxIn0="
        }
      ]
    },
    {
      "mode": "managed",
      "type": "google_project_iam_member",
      "name": "terraform_owner",
      "provider": "provider[\"registry.terraform.io/hashicorp/google\"]",
      "instances": [
        {
          "schema_version": 0,
          "attributes": {
            "condition": [],
            "etag": "BwY7Fdyt5ow=",
            "id": "bootstrap-seed-project/roles/editor/serviceAccount:terraform@bootstrap-seed-project.iam.gserviceaccount.com",
            "member": "serviceAccount:terraform@bootstrap-seed-project.iam.gserviceaccount.com",
            "project": "bootstrap-seed-project",
            "role": "roles/editor"
          },
          "sensitive_attributes": [],
          "identity_schema_version": 0,
          "private": "bnVsbA==",
          "dependencies": [
            "google_service_account.terraform"
          ]
        }
      ]
    },
    {
      "mode": "managed",
      "type": "google_project_service",
      "name": "enabled_services",
      "provider": "provider[\"registry.terraform.io/hashicorp/google\"]",
      "instances": [
        {
          "index_key": "billingbudgets.googleapis.com",
          "schema_version": 0,
          "attributes": {
            "disable_dependent_services": null,
            "disable_on_destroy": true,
            "id": "bootstrap-seed-project/billingbudgets.googleapis.com",
            "project": "bootstrap-seed-project",
            "service": "billingbudgets.googleapis.com",
            "timeouts": null
          },
          "sensitive_attributes": [],
          "identity_schema_version": 0,
          "private": "eyJlMmJmYjczMC1lY2FhLTExZTYtOGY4OC0zNDM2M2JjN2M0YzAiOnsiY3JlYXRlIjoxMjAwMDAwMDAwMDAwLCJkZWxldGUiOjEyMDAwMDAwMDAwMDAsInJlYWQiOjYwMDAwMDAwMDAwMCwidXBkYXRlIjoxMjAwMDAwMDAwMDAwfX0=",
          "dependencies": [
            "google_project.seed"
          ]
        },
        {
          "index_key": "cloudbilling.googleapis.com",
          "schema_version": 0,
          "attributes": {
            "disable_dependent_services": null,
            "disable_on_destroy": true,
            "id": "bootstrap-seed-project/cloudbilling.googleapis.com",
            "project": "bootstrap-seed-project",
            "service": "cloudbilling.googleapis.com",
            "timeouts": null
          },
          "sensitive_attributes": [],
          "identity_schema_version": 0,
          "private": "eyJlMmJmYjczMC1lY2FhLTExZTYtOGY4OC0zNDM2M2JjN2M0YzAiOnsiY3JlYXRlIjoxMjAwMDAwMDAwMDAwLCJkZWxldGUiOjEyMDAwMDAwMDAwMDAsInJlYWQiOjYwMDAwMDAwMDAwMCwidXBkYXRlIjoxMjAwMDAwMDAwMDAwfX0=",
          "dependencies": [
            "google_project.seed"
          ]
        },
        {
          "index_key": "cloudresourcemanager.googleapis.com",
          "schema_version": 0,
          "attributes": {
            "disable_dependent_services": null,
            "disable_on_destroy": true,
            "id": "bootstrap-seed-project/cloudresourcemanager.googleapis.com",
            "project": "bootstrap-seed-project",
            "service": "cloudresourcemanager.googleapis.com",
            "timeouts": null
          },
          "sensitive_attributes": [],
          "identity_schema_version": 0,
          "private": "eyJlMmJmYjczMC1lY2FhLTExZTYtOGY4OC0zNDM2M2JjN2M0YzAiOnsiY3JlYXRlIjoxMjAwMDAwMDAwMDAwLCJkZWxldGUiOjEyMDAwMDAwMDAwMDAsInJlYWQiOjYwMDAwMDAwMDAwMCwidXBkYXRlIjoxMjAwMDAwMDAwMDAwfX0=",
          "dependencies": [
            "google_project.seed"
          ]
        },
        {
          "index_key": "iam.googleapis.com",
          "schema_version": 0,
          "attributes": {
            "disable_dependent_services": null,
            "disable_on_destroy": true,
            "id": "bootstrap-seed-project/iam.googleapis.com",
            "project": "bootstrap-seed-project",
            "service": "iam.googleapis.com",
            "timeouts": null
          },
          "sensitive_attributes": [],
          "identity_schema_version": 0,
          "private": "eyJlMmJmYjczMC1lY2FhLTExZTYtOGY4OC0zNDM2M2JjN2M0YzAiOnsiY3JlYXRlIjoxMjAwMDAwMDAwMDAwLCJkZWxldGUiOjEyMDAwMDAwMDAwMDAsInJlYWQiOjYwMDAwMDAwMDAwMCwidXBkYXRlIjoxMjAwMDAwMDAwMDAwfX0=",
          "dependencies": [
            "google_project.seed"
          ]
        },
        {
          "index_key": "monitoring.googleapis.com",
          "schema_version": 0,
          "attributes": {
            "disable_dependent_services": null,
            "disable_on_destroy": true,
            "id": "bootstrap-seed-project/monitoring.googleapis.com",
            "project": "bootstrap-seed-project",
            "service": "monitoring.googleapis.com",
            "timeouts": null
          },
          "sensitive_attributes": [],
          "identity_schema_version": 0,
          "private": "eyJlMmJmYjczMC1lY2FhLTExZTYtOGY4OC0zNDM2M2JjN2M0YzAiOnsiY3JlYXRlIjoxMjAwMDAwMDAwMDAwLCJkZWxldGUiOjEyMDAwMDAwMDAwMDAsInJlYWQiOjYwMDAwMDAwMDAwMCwidXBkYXRlIjoxMjAwMDAwMDAwMDAwfX0=",
          "dependencies": [
            "google_project.seed"
          ]
        },
        {
          "index_key": "serviceusage.googleapis.com",
          "schema_version": 0,
          "attributes": {
            "disable_dependent_services": null,
            "disable_on_destroy": true,
            "id": "bootstrap-seed-project/serviceusage.googleapis.com",
            "project": "bootstrap-seed-project",
            "service": "serviceusage.googleapis.com",
            "timeouts": null
          },
          "sensitive_attributes": [],
          "identity_schema_version": 0,
          "private": "eyJlMmJmYjczMC1lY2FhLTExZTYtOGY4OC0zNDM2M2JjN2M0YzAiOnsiY3JlYXRlIjoxMjAwMDAwMDAwMDAwLCJkZWxldGUiOjEyMDAwMDAwMDAwMDAsInJlYWQiOjYwMDAwMDAwMDAwMCwidXBkYXRlIjoxMjAwMDAwMDAwMDAwfX0=",
          "dependencies": [
            "google_project.seed"
          ]
        },
        {
          "index_key": "storage.googleapis.com",
          "schema_version": 0,
          "attributes": {
            "disable_dependent_services": null,
            "disable_on_destroy": true,
            "id": "bootstrap-seed-project/storage.googleapis.com",
            "project": "bootstrap-seed-project",
            "service": "storage.googleapis.com",
            "timeouts": null
          },
          "sensitive_attributes": [],
          "identity_schema_version": 0,
          "private": "eyJlMmJmYjczMC1lY2FhLTExZTYtOGY4OC0zNDM2M2JjN2M0YzAiOnsiY3JlYXRlIjoxMjAwMDAwMDAwMDAwLCJkZWxldGUiOjEyMDAwMDAwMDAwMDAsInJlYWQiOjYwMDAwMDAwMDAwMCwidXBkYXRlIjoxMjAwMDAwMDAwMDAwfX0=",
          "dependencies": [
            "google_project.seed"
          ]
        }
      ]
    },
    {
      "mode": "managed",
      "type": "google_service_account",
      "name": "terraform",
      "provider": "provider[\"registry.terraform.io/hashicorp/google\"]",
      "instances": [
        {
          "schema_version": 0,
          "attributes": {
            "account_id": "terraform",
            "create_ignore_already_exists": null,
            "description": "",
            "disabled": false,
            "display_name": "Terraform Admin SA",
            "email": "terraform@bootstrap-seed-project.iam.gserviceaccount.com",
            "id": "projects/bootstrap-seed-project/serviceAccounts/terraform@bootstrap-seed-project.iam.gserviceaccount.com",
            "member": "serviceAccount:terraform@bootstrap-seed-project.iam.gserviceaccount.com",
            "name": "projects/bootstrap-seed-project/serviceAccounts/terraform@bootstrap-seed-project.iam.gserviceaccount.com",
            "project": "bootstrap-seed-project",
            "timeouts": null,
            "unique_id": "113838767559400004419"
          },
          "sensitive_attributes": [],
          "identity_schema_version": 0,
          "private": "eyJlMmJmYjczMC1lY2FhLTExZTYtOGY4OC0zNDM2M2JjN2M0YzAiOnsiY3JlYXRlIjozMDAwMDAwMDAwMDB9fQ=="
        }
      ]
    },
    {
      "mode": "managed",
      "type": "google_service_account_iam_member",
      "name": "impersonation",
      "provider": "provider[\"registry.terraform.io/hashicorp/google\"]",
      "instances": [
        {
          "schema_version": 0,
          "attributes": {
            "condition": [],
            "etag": "BwY7Fe6WhAk=",
            "id": "projects/bootstrap-seed-project/serviceAccounts/terraform@bootstrap-seed-project.iam.gserviceaccount.com/roles/iam.serviceAccountTokenCreator/user:gc@roban.de",
            "member": "user:gc@roban.de",
            "role": "roles/iam.serviceAccountTokenCreator",
            "service_account_id": "projects/bootstrap-seed-project/serviceAccounts/terraform@bootstrap-seed-project.iam.gserviceaccount.com"
          },
          "sensitive_attributes": [],
          "identity_schema_version": 0,
          "private": "bnVsbA==",
          "dependencies": [
            "google_service_account.terraform"
          ]
        }
      ]
    },
    {
      "mode": "managed",
      "type": "google_storage_bucket",
      "name": "tfstate",
      "provider": "provider[\"registry.terraform.io/hashicorp/google\"]",
      "instances": [
        {
          "schema_version": 3,
          "attributes": {
            "autoclass": [],
            "cors": [],
            "custom_placement_config": [],
            "default_event_based_hold": false,
            "effective_labels": {
              "goog-terraform-provisioned": "true"
            },
            "enable_object_retention": false,
            "encryption": [],
            "force_destroy": false,
            "hierarchical_namespace": [
              {
                "enabled": false
              }
            ],
            "id": "bootstrap-org-tfstate",
            "ip_filter": [],
            "labels": {},
            "lifecycle_rule": [],
            "location": "EUROPE-WEST1",
            "logging": [],
            "name": "bootstrap-org-tfstate",
            "project": "bootstrap-seed-project",
            "project_number": 946706098484,
            "public_access_prevention": "inherited",
            "requester_pays": false,
            "retention_policy": [],
            "rpo": null,
            "self_link": "https://www.googleapis.com/storage/v1/b/bootstrap-org-tfstate",
            "soft_delete_policy": [
              {
                "effective_time": "2025-07-28T22:24:24.549Z",
                "retention_duration_seconds": 604800
              }
            ],
            "storage_class": "STANDARD",
            "terraform_labels": {
              "goog-terraform-provisioned": "true"
            },
            "time_created": "2025-07-28T22:24:24.549Z",
            "timeouts": null,
            "uniform_bucket_level_access": true,
            "updated": "2025-07-28T22:52:25.777Z",
            "url": "gs://bootstrap-org-tfstate",
            "versioning": [
              {
                "enabled": true
              }
            ],
            "website": []
          },
          "sensitive_attributes": [],
          "identity_schema_version": 0,
          "private": "eyJlMmJmYjczMC1lY2FhLTExZTYtOGY4OC0zNDM2M2JjN2M0YzAiOnsiY3JlYXRlIjo2MDAwMDAwMDAwMDAsInJlYWQiOjI0MDAwMDAwMDAwMCwidXBkYXRlIjoyNDAwMDAwMDAwMDB9LCJzY2hlbWFfdmVyc2lvbiI6IjMifQ==",
          "dependencies": [
            "google_project.seed"
          ]
        }
      ]
    },
    {
      "mode": "managed",
      "type": "google_storage_bucket_iam_member",
      "name": "state_writer",
      "provider": "provider[\"registry.terraform.io/hashicorp/google\"]",
      "instances": [
        {
          "schema_version": 0,
          "attributes": {
            "bucket": "b/bootstrap-org-tfstate",
            "condition": [],
            "etag": "CAQ=",
            "id": "b/bootstrap-org-tfstate/roles/storage.admin/user:gc@roban.de",
            "member": "user:gc@roban.de",
            "role": "roles/storage.admin"
          },
          "sensitive_attributes": [],
          "identity_schema_version": 0,
          "private": "bnVsbA==",
          "dependencies": [
            "google_project.seed",
            "google_storage_bucket.tfstate"
          ]
        }
      ]
    }
  ],
  "check_results": null
}
